<Solution>
  <Project Path="src/iRoute.Common/iRoute.Common.csproj" />
  <Project Path="src/iRoute.Services/iRoute.Services.csproj" />
  <Project Path="src/iRoute.Data/iRoute.Data.csproj" />
  <Project Path="src/iRoute.Core/iRoute.Core.csproj" />
  <Project Path="src/iRoute.Runtime/iRoute.Runtime.csproj" />
  <Project Path="src/iRoute.Tests/iRoute.Tests.csproj" />
</Solution>
